{
  "version": "5",
  "specifiers": {
    "jsr:@std/assert@*": "1.0.19",
    "jsr:@std/assert@0.224": "0.224.0",
    "jsr:@std/assert@^1.0.19": "1.0.19",
    "jsr:@std/dotenv@0.224": "0.224.2",
    "jsr:@std/encoding@0.224.0": "0.224.0",
    "jsr:@std/flags@0.224": "0.224.0",
    "jsr:@std/fmt@0.224": "0.224.0",
    "jsr:@std/fs@0.224": "0.224.0",
    "jsr:@std/fs@0.224.0": "0.224.0",
    "jsr:@std/internal@0.224": "0.224.0",
    "jsr:@std/internal@^1.0.12": "1.0.13",
    "jsr:@std/internal@^1.0.13": "1.0.13",
    "jsr:@std/path@*": "1.1.4",
    "jsr:@std/path@0.224": "0.224.0",
    "jsr:@std/path@0.224.0": "0.224.0",
    "jsr:@std/semver@1": "1.0.8",
    "jsr:@std/testing@*": "1.0.18",
    "jsr:@std/testing@0.224": "0.224.0",
    "jsr:@ursamu/mushcode@*": "0.6.0",
    "jsr:@ursamu/mushcode@0.6": "0.6.0",
    "jsr:@ursamu/ursamu@^2.6.0": "2.7.0",
    "jsr:@zaubrik/djwt@^3.0.2": "3.0.2",
    "npm:@deno/sandbox@0.10.0": "0.10.0",
    "npm:@digibear/tags@1.0.0": "1.0.0",
    "npm:@ursamu/parser@1.2.4": "1.2.4",
    "npm:bcryptjs@2.4.3": "2.4.3",
    "npm:lodash@4.17.21": "4.17.21",
    "npm:quickjs-emscripten@0.29.0": "0.29.0",
    "npm:sucrase@3.35.0": "3.35.0"
  },
  "jsr": {
    "@std/assert@0.224.0": {
      "integrity": "8643233ec7aec38a940a8264a6e3eed9bfa44e7a71cc6b3c8874213ff401967f",
      "dependencies": [
        "jsr:@std/fmt",
        "jsr:@std/internal@0.224"
      ]
    },
    "@std/assert@1.0.19": {
      "integrity": "eaada96ee120cb980bc47e040f82814d786fe8162ecc53c91d8df60b8755991e",
      "dependencies": [
        "jsr:@std/internal@^1.0.12"
      ]
    },
    "@std/dotenv@0.224.2": {
      "integrity": "29081695357e4534696c9e986b2560be29c141ccf52daa32b6c20ff5b5c64ab9"
    },
    "@std/encoding@0.224.0": {
      "integrity": "efb6dca97d3e9c31392bd5c8cfd9f9fc9decf5a1f4d1f78af7900a493bcf89b5"
    },
    "@std/flags@0.224.0": {
      "integrity": "d40eaf58c356b2e1313c6d4e62dc28b614aad2ddae6f5ff72a969e0b1f5ad689",
      "dependencies": [
        "jsr:@std/assert@0.224"
      ]
    },
    "@std/fmt@0.224.0": {
      "integrity": "e20e9a2312a8b5393272c26191c0a68eda8d2c4b08b046bad1673148f1d69851"
    },
    "@std/fs@0.224.0": {
      "integrity": "52a5ec89731ac0ca8f971079339286f88c571a4d61686acf75833f03a89d8e69",
      "dependencies": [
        "jsr:@std/assert@0.224",
        "jsr:@std/path@0.224"
      ]
    },
    "@std/internal@0.224.0": {
      "integrity": "afc50644f9cdf4495eeb80523a8f6d27226b4b36c45c7c195dfccad4b8509291",
      "dependencies": [
        "jsr:@std/fmt"
      ]
    },
    "@std/internal@1.0.13": {
      "integrity": "2f9546691d4ac2d32859c82dff284aaeac980ddeca38430d07941e7e288725c0"
    },
    "@std/path@0.224.0": {
      "integrity": "55bca6361e5a6d158b9380e82d4981d82d338ec587de02951e2b7c3a24910ee6",
      "dependencies": [
        "jsr:@std/assert@0.224"
      ]
    },
    "@std/path@1.1.4": {
      "integrity": "1d2d43f39efb1b42f0b1882a25486647cb851481862dc7313390b2bb044314b5",
      "dependencies": [
        "jsr:@std/internal@^1.0.12"
      ]
    },
    "@std/semver@1.0.8": {
      "integrity": "dc830e8b8b6a380c895d53fbfd1258dc253704ca57bbe1629ac65fd7830179b7"
    },
    "@std/testing@0.224.0": {
      "integrity": "371b8a929aa7132240d5dd766a439be8f780ef5c176ab194e0bcab72370c761e"
    },
    "@std/testing@1.0.18": {
      "integrity": "d3152f57b11666bf6358d0e127c7e3488e91178b0c2d8fbf0793e1c53cd13cb1",
      "dependencies": [
        "jsr:@std/assert@^1.0.19",
        "jsr:@std/internal@^1.0.13"
      ]
    },
    "@ursamu/mushcode@0.6.0": {
      "integrity": "0503df5a0b1a16b3335739ae7d335cf142746527f5be47f41711b6639ad88ee5"
    },
    "@ursamu/ursamu@2.7.0": {
      "integrity": "80af2e54afd2ee14cc7214a74913675c0b82432da676df565aea4e2426ea82ac",
      "dependencies": [
        "jsr:@std/dotenv",
        "jsr:@std/flags",
        "jsr:@std/fs@0.224",
        "jsr:@std/fs@0.224.0",
        "jsr:@std/path@0.224",
        "jsr:@std/path@0.224.0",
        "jsr:@std/semver",
        "jsr:@zaubrik/djwt",
        "npm:@deno/sandbox",
        "npm:@digibear/tags",
        "npm:@ursamu/parser",
        "npm:bcryptjs",
        "npm:lodash",
        "npm:quickjs-emscripten",
        "npm:sucrase"
      ]
    },
    "@zaubrik/djwt@3.0.2": {
      "integrity": "8070adaa49cd9e5d2b8ae82fd461132c966ef2f8ff8378db4a4da8df4f17c664",
      "dependencies": [
        "jsr:@std/encoding"
      ]
    }
  },
  "npm": {
    "@deno/sandbox@0.10.0": {
      "integrity": "sha512-Fq41hNE4H3kKGHyYvbtkyi26SGKCawWt3dbJE2dmSsWqCf3VErfqXBMBe7hBOySBbNwPQLUS+sHsHHelAGwzjg==",
      "dependencies": [
        "@deno/shim-deno",
        "ws",
        "zod"
      ]
    },
    "@deno/shim-deno-test@0.5.0": {
      "integrity": "sha512-4nMhecpGlPi0cSzT67L+Tm+GOJqvuk8gqHBziqcUQOarnuIax1z96/gJHCSIz2Z0zhxE6Rzwb3IZXPtFh51j+w=="
    },
    "@deno/shim-deno@0.18.2": {
      "integrity": "sha512-oQ0CVmOio63wlhwQF75zA4ioolPvOwAoK0yuzcS5bDC1JUvH3y1GS8xPh8EOpcoDQRU4FTG8OQfxhpR+c6DrzA==",
      "dependencies": [
        "@deno/shim-deno-test",
        "which@4.0.0"
      ]
    },
    "@digibear/tags@1.0.0": {
      "integrity": "sha512-WyNr8pR6B0NlN1mA6PD9JYSwvT5RoYKu1w3w6Q327qA9cqTZlhdBxlywXMTiHmDzVs4b90RmgCCwy+sxpobNSQ=="
    },
    "@isaacs/cliui@8.0.2": {
      "integrity": "sha512-O8jcjabXaleOG9DQ0+ARXWZBTfnP4WNAqzuiJK7ll44AmxGKv/J2M4TPjxjY3znBCfvBXFzucm1twdyFybFqEA==",
      "dependencies": [
        "string-width@5.1.2",
        "string-width-cjs@npm:string-width@4.2.3",
        "strip-ansi@7.2.0",
        "strip-ansi-cjs@npm:strip-ansi@6.0.1",
        "wrap-ansi@8.1.0",
        "wrap-ansi-cjs@npm:wrap-ansi@7.0.0"
      ]
    },
    "@jitl/quickjs-ffi-types@0.29.0": {
      "integrity": "sha512-MJgGUq4gQ6UuzEMFMNJuSsfKJrQs5cjqm/Sd0dwqVKs3lxyLeWjfGfbVakffnjuiRZzej/QzkDJP4HYNMzT8AQ=="
    },
    "@jitl/quickjs-wasmfile-debug-asyncify@0.29.0": {
      "integrity": "sha512-RYJk2axlI1GB/pLKF77LEJv3t7NsbdFLLrVMc5w0rUMVjtKvD1fwU8V2FRFVs9XLLkCPHO1mBmyDOyei0hJF1w==",
      "dependencies": [
        "@jitl/quickjs-ffi-types"
      ]
    },
    "@jitl/quickjs-wasmfile-debug-sync@0.29.0": {
      "integrity": "sha512-LcfwataXeD/S+/WmdoYWuUUy/AX9S/I6rlU4ry5dUayMfhg6SnCjmLDCuLTHfh2WXkolPPemW/4aXgVxPt4qGQ==",
      "dependencies": [
        "@jitl/quickjs-ffi-types"
      ]
    },
    "@jitl/quickjs-wasmfile-release-asyncify@0.29.0": {
      "integrity": "sha512-3wHJ6Q+CQpxK1zDQtFMVi99S2z1n3qpUGmf7CrTw3x7qkBr7ZNKvJJ6aEXvzqfJDYKN//3qbYotUjJk1kiDXXg==",
      "dependencies": [
        "@jitl/quickjs-ffi-types"
      ]
    },
    "@jitl/quickjs-wasmfile-release-sync@0.29.0": {
      "integrity": "sha512-Lo2+wwir9+dSmlDz5zcilUeMPUtV5dAaWjm6b0vC9BXhMhDYPeQiIvbvMYqaRlfwod/y+wvJXX1QweO8rhHbJg==",
      "dependencies": [
        "@jitl/quickjs-ffi-types"
      ]
    },
    "@jridgewell/gen-mapping@0.3.13": {
      "integrity": "sha512-2kkt/7niJ6MgEPxF0bYdQ6etZaA+fQvDcLKckhy1yIQOzaoKjBBjSj63/aLVjYE3qhRt5dvM+uUyfCg6UKCBbA==",
      "dependencies": [
        "@jridgewell/sourcemap-codec",
        "@jridgewell/trace-mapping"
      ]
    },
    "@jridgewell/resolve-uri@3.1.2": {
      "integrity": "sha512-bRISgCIjP20/tbWSPWMEi54QVPRZExkuD9lJL+UIxUKtwVJA8wW1Trb1jMs1RFXo1CBTNZ/5hpC9QvmKWdopKw=="
    },
    "@jridgewell/sourcemap-codec@1.5.5": {
      "integrity": "sha512-cYQ9310grqxueWbl+WuIUIaiUaDcj7WOq5fVhEljNVgRfOUhY9fy2zTvfoqWsnebh8Sl70VScFbICvJnLKB0Og=="
    },
    "@jridgewell/trace-mapping@0.3.31": {
      "integrity": "sha512-zzNR+SdQSDJzc8joaeP8QQoCQr8NuYx2dIIytl1QeBEZHJ9uW6hebsrYgbz8hJwUQao3TWCMtmfV8Nu1twOLAw==",
      "dependencies": [
        "@jridgewell/resolve-uri",
        "@jridgewell/sourcemap-codec"
      ]
    },
    "@pkgjs/parseargs@0.11.0": {
      "integrity": "sha512-+1VkjdD0QBLPodGrJUeqarH8VAIvQODIbwh9XpP5Syisf7YoQgsJKPNFoqqLQlu+VQ/tVSshMR6loPMn8U+dPg=="
    },
    "@ursamu/parser@1.2.4": {
      "integrity": "sha512-DFAdy/9Dz+LMh5EPspOLQZR0ysqncpt3c8tAAXHUg7mzmzJwK0UMmTkQt4LyZlUR2YRREmxtwt74kazdiJDbuA==",
      "dependencies": [
        "pegjs"
      ]
    },
    "ansi-regex@5.0.1": {
      "integrity": "sha512-quJQXlTSUGL2LH9SUXo8VwsY4soanhgo6LNSm84E1LBcE8s3O0wpdiRzyR9z/ZZJMlMWv37qOOb9pdJlMUEKFQ=="
    },
    "ansi-regex@6.2.2": {
      "integrity": "sha512-Bq3SmSpyFHaWjPk8If9yc6svM8c56dB5BAtW4Qbw5jHTwwXXcTLoRMkpDJp6VL0XzlWaCHTXrkFURMYmD0sLqg=="
    },
    "ansi-styles@4.3.0": {
      "integrity": "sha512-zbB9rCJAT1rbjiVDb2hqKFHNYLxgtk8NURxZ3IZwD3F6NtxbXZQCnnSi1Lkx+IDohdPlFp222wVALIheZJQSEg==",
      "dependencies": [
        "color-convert"
      ]
    },
    "ansi-styles@6.2.3": {
      "integrity": "sha512-4Dj6M28JB+oAH8kFkTLUo+a2jwOFkuqb3yucU0CANcRRUbxS0cP0nZYCGjcc3BNXwRIsUVmDGgzawme7zvJHvg=="
    },
    "any-promise@1.3.0": {
      "integrity": "sha512-7UvmKalWRt1wgjL1RrGxoSJW/0QZFIegpeGvZG9kjp8vrRu55XTHbwnqq2GpXm9uLbcuhxm3IqX9OB4MZR1b2A=="
    },
    "balanced-match@1.0.2": {
      "integrity": "sha512-3oSeUO0TMV67hN1AmbXsK4yaqU7tjiHlbxRDZOpH0KW9+CeX4bRAaX0Anxt0tx2MrpRpWwQaPwIlISEJhYU5Pw=="
    },
    "bcryptjs@2.4.3": {
      "integrity": "sha512-V/Hy/X9Vt7f3BbPJEi8BdVFMByHi+jNXrYkW3huaybV/kQ0KJg0Y6PkEMbn+zeT+i+SiKZ/HMqJGIIt4LZDqNQ=="
    },
    "brace-expansion@2.1.0": {
      "integrity": "sha512-TN1kCZAgdgweJhWWpgKYrQaMNHcDULHkWwQIspdtjV4Y5aurRdZpjAqn6yX3FPqTA9ngHCc4hJxMAMgGfve85w==",
      "dependencies": [
        "balanced-match"
      ]
    },
    "color-convert@2.0.1": {
      "integrity": "sha512-RRECPsj7iu/xb5oKYcsFHSppFNnsj/52OVTRKb4zP5onXwVF3zVmmToNcOfGC+CRDpfK/U584fMg38ZHCaElKQ==",
      "dependencies": [
        "color-name"
      ]
    },
    "color-name@1.1.4": {
      "integrity": "sha512-dOy+3AuW3a2wNbZHIuMZpTcgjGuLU/uBL/ubcZF9OXbDo8ff4O8yVp5Bf0efS8uEoYo5q4Fx7dY9OgQGXgAsQA=="
    },
    "commander@4.1.1": {
      "integrity": "sha512-NOKm8xhkzAjzFx8B2v5OAHT+u5pRQc2UCa2Vq9jYL/31o2wi9mxBA7LIFs3sV5VSC49z6pEhfbMULvShKj26WA=="
    },
    "cross-spawn@7.0.6": {
      "integrity": "sha512-uV2QOWP2nWzsy2aMp8aRibhi9dlzF5Hgh5SHaB9OiTGEyDTiJJyx0uy51QXdyWbtAHNua4XJzUKca3OzKUd3vA==",
      "dependencies": [
        "path-key",
        "shebang-command",
        "which@2.0.2"
      ]
    },
    "eastasianwidth@0.2.0": {
      "integrity": "sha512-I88TYZWc9XiYHRQ4/3c5rjjfgkjhLyW2luGIheGERbNQ6OY7yTybanSpDXZa8y7VUP9YmDcYa+eyq4ca7iLqWA=="
    },
    "emoji-regex@8.0.0": {
      "integrity": "sha512-MSjYzcWNOA0ewAHpz0MxpYFvwg6yjy1NG3xteoqz644VCo/RPgnr1/GGt+ic3iJTzQ8Eu3TdM14SawnVUmGE6A=="
    },
    "emoji-regex@9.2.2": {
      "integrity": "sha512-L18DaJsXSUk2+42pv8mLs5jJT2hqFkFE4j21wOmgbUqsZ2hL72NsUU785g9RXgo3s0ZNgVl42TiHp3ZtOv/Vyg=="
    },
    "foreground-child@3.3.1": {
      "integrity": "sha512-gIXjKqtFuWEgzFRJA9WCQeSJLZDjgJUOMCMzxtvFq/37KojM1BFGufqsCy0r4qSQmYLsZYMeyRqzIWOMup03sw==",
      "dependencies": [
        "cross-spawn",
        "signal-exit"
      ]
    },
    "glob@10.5.0": {
      "integrity": "sha512-DfXN8DfhJ7NH3Oe7cFmu3NCu1wKbkReJ8TorzSAFbSKrlNaQSKfIzqYqVY8zlbs2NLBbWpRiU52GX2PbaBVNkg==",
      "dependencies": [
        "foreground-child",
        "jackspeak",
        "minimatch",
        "minipass",
        "package-json-from-dist",
        "path-scurry"
      ],
      "deprecated": true,
      "bin": true
    },
    "is-fullwidth-code-point@3.0.0": {
      "integrity": "sha512-zymm5+u+sCsSWyD9qNaejV3DFvhCKclKdizYaJUuHA83RLjb7nSuGnddCHGv0hk+KY7BMAlsWeK4Ueg6EV6XQg=="
    },
    "isexe@2.0.0": {
      "integrity": "sha512-RHxMLp9lnKHGHRng9QFhRCMbYAcVpn69smSGcq3f36xjgVVWThj4qqLbTLlq7Ssj8B+fIQ1EuCEGI2lKsyQeIw=="
    },
    "isexe@3.1.5": {
      "integrity": "sha512-6B3tLtFqtQS4ekarvLVMZ+X+VlvQekbe4taUkf/rhVO3d/h0M2rfARm/pXLcPEsjjMsFgrFgSrhQIxcSVrBz8w=="
    },
    "jackspeak@3.4.3": {
      "integrity": "sha512-OGlZQpz2yfahA/Rd1Y8Cd9SIEsqvXkLVoSw/cgwhnhFMDbsQFeZYoJJ7bIZBS9BcamUW96asq/npPWugM+RQBw==",
      "dependencies": [
        "@isaacs/cliui"
      ],
      "optionalDependencies": [
        "@pkgjs/parseargs"
      ]
    },
    "lines-and-columns@1.2.4": {
      "integrity": "sha512-7ylylesZQ/PV29jhEDl3Ufjo6ZX7gCqJr5F7PKrqc93v7fzSymt1BpwEU8nAUXs8qzzvqhbjhK5QZg6Mt/HkBg=="
    },
    "lodash@4.17.21": {
      "integrity": "sha512-v2kDEe57lecTulaDIuNTPy3Ry4gLGJ6Z1O3vE1krgXZNrsQ+LFTGHVxVjcXPs17LhbZVGedAJv8XZ1tvj5FvSg=="
    },
    "lru-cache@10.4.3": {
      "integrity": "sha512-JNAzZcXrCt42VGLuYz0zfAzDfAvJWW6AfYlDBQyDV5DClI2m5sAmK+OIO7s59XfsRsWHp02jAJrRadPRGTt6SQ=="
    },
    "minimatch@9.0.9": {
      "integrity": "sha512-OBwBN9AL4dqmETlpS2zasx+vTeWclWzkblfZk7KTA5j3jeOONz/tRCnZomUyvNg83wL5Zv9Ss6HMJXAgL8R2Yg==",
      "dependencies": [
        "brace-expansion"
      ]
    },
    "minipass@7.1.3": {
      "integrity": "sha512-tEBHqDnIoM/1rXME1zgka9g6Q2lcoCkxHLuc7ODJ5BxbP5d4c2Z5cGgtXAku59200Cx7diuHTOYfSBD8n6mm8A=="
    },
    "mz@2.7.0": {
      "integrity": "sha512-z81GNO7nnYMEhrGh9LeymoE4+Yr0Wn5McHIZMK5cfQCl+NDX08sCZgUc9/6MHni9IWuFLm1Z3HTCXu2z9fN62Q==",
      "dependencies": [
        "any-promise",
        "object-assign",
        "thenify-all"
      ]
    },
    "object-assign@4.1.1": {
      "integrity": "sha512-rJgTQnkUnH1sFw8yT6VSU3zD3sWmu6sZhIseY8VX+GRu3P6F7Fu+JNDoXfklElbLJSnc3FUQHVe4cU5hj+BcUg=="
    },
    "package-json-from-dist@1.0.1": {
      "integrity": "sha512-UEZIS3/by4OC8vL3P2dTXRETpebLI2NiI5vIrjaD/5UtrkFX/tNbwjTSRAGC/+7CAo2pIcBaRgWmcBBHcsaCIw=="
    },
    "path-key@3.1.1": {
      "integrity": "sha512-ojmeN0qd+y0jszEtoY48r0Peq5dwMEkIlCOu6Q5f41lfkswXuKtYrhgoTpLnyIcHm24Uhqx+5Tqm2InSwLhE6Q=="
    },
    "path-scurry@1.11.1": {
      "integrity": "sha512-Xa4Nw17FS9ApQFJ9umLiJS4orGjm7ZzwUrwamcGQuHSzDyth9boKDaycYdDcZDuqYATXw4HFXgaqWTctW/v1HA==",
      "dependencies": [
        "lru-cache",
        "minipass"
      ]
    },
    "pegjs@0.10.0": {
      "integrity": "sha512-qI5+oFNEGi3L5HAxDwN2LA4Gg7irF70Zs25edhjld9QemOgp0CbvMtbFcMvFtEo1OityPrcCzkQFB8JP/hxgow==",
      "bin": true
    },
    "pirates@4.0.7": {
      "integrity": "sha512-TfySrs/5nm8fQJDcBDuUng3VOUKsd7S+zqvbOTiGXHfxX4wK31ard+hoNuvkicM/2YFzlpDgABOevKSsB4G/FA=="
    },
    "quickjs-emscripten-core@0.29.0": {
      "integrity": "sha512-1g9ufaiH7FaZ5sF5qkMZrAI4yMAtvmBmt7e9TywIBGWgL2AYNkwwtx8lqKIwZbPHq0jybCZdZ71QYiBc916Suw==",
      "dependencies": [
        "@jitl/quickjs-ffi-types"
      ]
    },
    "quickjs-emscripten@0.29.0": {
      "integrity": "sha512-jXzbZIe7/Aqvue455Xu8ecaI6FzSRm28rBSO/4EwgakEV9ub5vF2VG7svrt4LxDL77JkXVQ0brn8Uxis7r78ng==",
      "dependencies": [
        "@jitl/quickjs-wasmfile-debug-asyncify",
        "@jitl/quickjs-wasmfile-debug-sync",
        "@jitl/quickjs-wasmfile-release-asyncify",
        "@jitl/quickjs-wasmfile-release-sync",
        "quickjs-emscripten-core"
      ]
    },
    "shebang-command@2.0.0": {
      "integrity": "sha512-kHxr2zZpYtdmrN1qDjrrX/Z1rR1kG8Dx+gkpK1G4eXmvXswmcE1hTWBWYUzlraYw1/yZp6YuDY77YtvbN0dmDA==",
      "dependencies": [
        "shebang-regex"
      ]
    },
    "shebang-regex@3.0.0": {
      "integrity": "sha512-7++dFhtcx3353uBaq8DDR4NuxBetBzC7ZQOhmTQInHEd6bSrXdiEyzCvG07Z44UYdLShWUyXt5M/yhz8ekcb1A=="
    },
    "signal-exit@4.1.0": {
      "integrity": "sha512-bzyZ1e88w9O1iNJbKnOlvYTrWPDl46O1bG0D3XInv+9tkPrxrN8jUUTiFlDkkmKWgn1M6CfIA13SuGqOa9Korw=="
    },
    "string-width@4.2.3": {
      "integrity": "sha512-wKyQRQpjJ0sIp62ErSZdGsjMJWsap5oRNihHhu6G7JVO/9jIB6UyevL+tXuOqrng8j/cxKTWyWUwvSTriiZz/g==",
      "dependencies": [
        "emoji-regex@8.0.0",
        "is-fullwidth-code-point",
        "strip-ansi@6.0.1"
      ]
    },
    "string-width@5.1.2": {
      "integrity": "sha512-HnLOCR3vjcY8beoNLtcjZ5/nxn2afmME6lhrDrebokqMap+XbeW8n9TXpPDOqdGK5qcI3oT0GKTW6wC7EMiVqA==",
      "dependencies": [
        "eastasianwidth",
        "emoji-regex@9.2.2",
        "strip-ansi@7.2.0"
      ]
    },
    "strip-ansi@6.0.1": {
      "integrity": "sha512-Y38VPSHcqkFrCpFnQ9vuSXmquuv5oXOKpGeT6aGrr3o3Gc9AlVa6JBfUSOCnbxGGZF+/0ooI7KrPuUSztUdU5A==",
      "dependencies": [
        "ansi-regex@5.0.1"
      ]
    },
    "strip-ansi@7.2.0": {
      "integrity": "sha512-yDPMNjp4WyfYBkHnjIRLfca1i6KMyGCtsVgoKe/z1+6vukgaENdgGBZt+ZmKPc4gavvEZ5OgHfHdrazhgNyG7w==",
      "dependencies": [
        "ansi-regex@6.2.2"
      ]
    },
    "sucrase@3.35.0": {
      "integrity": "sha512-8EbVDiu9iN/nESwxeSxDKe0dunta1GOlHufmSSXxMD2z2/tMZpDMpvXQGsc+ajGo8y2uYUmixaSRUc/QPoQ0GA==",
      "dependencies": [
        "@jridgewell/gen-mapping",
        "commander",
        "glob",
        "lines-and-columns",
        "mz",
        "pirates",
        "ts-interface-checker"
      ],
      "bin": true
    },
    "thenify-all@1.6.0": {
      "integrity": "sha512-RNxQH/qI8/t3thXJDwcstUO4zeqo64+Uy/+sNVRBx4Xn2OX+OZ9oP+iJnNFqplFra2ZUVeKCSa2oVWi3T4uVmA==",
      "dependencies": [
        "thenify"
      ]
    },
    "thenify@3.3.1": {
      "integrity": "sha512-RVZSIV5IG10Hk3enotrhvz0T9em6cyHBLkH/YAZuKqd8hRkKhSfCGIcP2KUY0EPxndzANBmNllzWPwak+bheSw==",
      "dependencies": [
        "any-promise"
      ]
    },
    "ts-interface-checker@0.1.13": {
      "integrity": "sha512-Y/arvbn+rrz3JCKl9C4kVNfTfSm2/mEp5FSz5EsZSANGPSlQrpRI5M4PKF+mJnE52jOO90PnPSc3Ur3bTQw0gA=="
    },
    "which@2.0.2": {
      "integrity": "sha512-BLI3Tl1TW3Pvl70l3yq3Y64i+awpwXqsGBYWkkqMtnbXgrMD+yj7rhW0kuEDxzJaYXGjEW5ogapKNMEKNMjibA==",
      "dependencies": [
        "isexe@2.0.0"
      ],
      "bin": true
    },
    "which@4.0.0": {
      "integrity": "sha512-GlaYyEb07DPxYCKhKzplCWBJtvxZcZMrL+4UkrTSJHHPyZU4mYYTv3qaOe77H7EODLSSopAUFAc6W8U4yqvscg==",
      "dependencies": [
        "isexe@3.1.5"
      ],
      "bin": true
    },
    "wrap-ansi@7.0.0": {
      "integrity": "sha512-YVGIj2kamLSTxw6NsZjoBxfSwsn0ycdesmc4p+Q21c5zPuZ1pl+NfxVdxPtdHvmNVOQ6XSYG4AUtyt/Fi7D16Q==",
      "dependencies": [
        "ansi-styles@4.3.0",
        "string-width@4.2.3",
        "strip-ansi@6.0.1"
      ]
    },
    "wrap-ansi@8.1.0": {
      "integrity": "sha512-si7QWI6zUMq56bESFvagtmzMdGOtoxfR+Sez11Mobfc7tm+VkUckk9bW2UeffTGVUbOksxmSw0AA2gs8g71NCQ==",
      "dependencies": [
        "ansi-styles@6.2.3",
        "string-width@5.1.2",
        "strip-ansi@7.2.0"
      ]
    },
    "ws@8.21.0": {
      "integrity": "sha512-Vsp28b7DRcimFQvrqu2Wek3z1iYxDCWqHYB8Qsnk/S4RfaCQzPGPyBNuVjJV3cd6UiKtUtp6sNM77gWvzcCH+g=="
    },
    "zod@4.4.3": {
      "integrity": "sha512-ytENFjIJFl2UwYglde2jchW2Hwm4GJFLDiSXWdTrJQBIN9Fcyp7n4DhxJEiWNAJMV1/BqWfW/kkg71UDcHJyTQ=="
    }
  },
  "remote": {
    "https://raw.githubusercontent.com/UrsaMU/help-plugin/v1.0.2/mod.ts": "55d68717f05329c83935a2193874194e750ec0a0c7f275c2ce2a857b328f383f",
    "https://raw.githubusercontent.com/UrsaMU/help-plugin/v1.0.2/src/commands.ts": "be923766340a6664f696c09601e2c693517d74b3e1162ee2e507af8b3cae46e4",
    "https://raw.githubusercontent.com/UrsaMU/help-plugin/v1.0.2/src/hooks.ts": "c965f07d51864787bb42d7ea86b6b0899e9b2e7d0f4c58eede71f04142c06e34",
    "https://raw.githubusercontent.com/UrsaMU/help-plugin/v1.0.2/src/index.ts": "509dd9bbc0ee9e87a44b0879226b8d114d0c948a326850023165be7e4fa3cb6a",
    "https://raw.githubusercontent.com/UrsaMU/help-plugin/v1.0.2/src/providers/command.ts": "9025eec680ec9ca254ecd1d276e21d7ca23c6a06a8191e22419973629a9aaaac",
    "https://raw.githubusercontent.com/UrsaMU/help-plugin/v1.0.2/src/providers/database.ts": "6f2641c3ac69022eb0f7d360d6df6b64f3957b77ac7407efb87887ac7f212cfd",
    "https://raw.githubusercontent.com/UrsaMU/help-plugin/v1.0.2/src/providers/file.ts": "c9919d21ca05803981e4e92645fbd55927e9664f065be50022d555563441c087",
    "https://raw.githubusercontent.com/UrsaMU/help-plugin/v1.0.2/src/registry.ts": "5a7e3fae65bcfdd23834a7982b8c2315688e81ac78e049f9c456987757f2473e",
    "https://raw.githubusercontent.com/UrsaMU/help-plugin/v1.0.2/src/renderer.ts": "e3c5d53e735557a38202a75725c1daa131b072f791e660829c1b27153ef0756a",
    "https://raw.githubusercontent.com/UrsaMU/help-plugin/v1.0.2/src/routes.ts": "d3a0580478b9d60d4961830310e104735d10b53ddc761d72374fd2ed22d5f506",
    "https://raw.githubusercontent.com/UrsaMU/jobs-plugin/v1.4.1/mod.ts": "4fe96c897a7de7b96d23efa09bcb09d3bafdc7fde18987d381e66120454fc2b4",
    "https://raw.githubusercontent.com/UrsaMU/jobs-plugin/v1.4.1/src/archive-cmd.ts": "9cca1160fb0631c44d4bb9f3147b40abf8a6c6d80b656f3bc834adc9556cb0b7",
    "https://raw.githubusercontent.com/UrsaMU/jobs-plugin/v1.4.1/src/commands.ts": "4ae561513011cf29eecb65e558de296506fd6805d9aa8238ea382e35bc6e619d",
    "https://raw.githubusercontent.com/UrsaMU/jobs-plugin/v1.4.1/src/db.ts": "7ef85b5caf24d1a237fe6a85fbeb8e678032979d26596bb8a8e01d76b718b1d9",
    "https://raw.githubusercontent.com/UrsaMU/jobs-plugin/v1.4.1/src/format.ts": "929e7920ca21f7f9781627b68e291937fe64a4e610a32ec93faac48eb3837a99",
    "https://raw.githubusercontent.com/UrsaMU/jobs-plugin/v1.4.1/src/game-hooks-augment.ts": "2af407f111dc27b6cf12a180493d87b0efba1ccfb15918b96f77e47e7ca7de45",
    "https://raw.githubusercontent.com/UrsaMU/jobs-plugin/v1.4.1/src/hooks.ts": "eeda2d6ceee65f27044c3ec7faf03818cc505b1dcb7dbafbecc22c2efd03ec78",
    "https://raw.githubusercontent.com/UrsaMU/jobs-plugin/v1.4.1/src/index.ts": "3e4d5ce4057a8eb9fc828936087cdbf23ac222a55f7c51c90554ed6aadd827b0",
    "https://raw.githubusercontent.com/UrsaMU/jobs-plugin/v1.4.1/src/job-utils.ts": "a03831aa5c2a9c188dcb88949c9e6e2f34b2e77e6b536963221e0be15c636f62",
    "https://raw.githubusercontent.com/UrsaMU/jobs-plugin/v1.4.1/src/mail.ts": "09113f66ba3cd143557aa7325e6e0fb125fd2cdbf5e9dfd6662c61d8ed887403",
    "https://raw.githubusercontent.com/UrsaMU/jobs-plugin/v1.4.1/src/notify.ts": "bba710c237e973c128c188073a7990e817e4a17867bd3f7176cb860865b42fda",
    "https://raw.githubusercontent.com/UrsaMU/jobs-plugin/v1.4.1/src/request-cmd.ts": "eb419bf5e780fa8e17b55098dd525d899be65aa4c6b1cb1a9768541bbb444f23",
    "https://raw.githubusercontent.com/UrsaMU/jobs-plugin/v1.4.1/src/router.ts": "ecb5b1618d70985d80da53c7d0f62ec21f91bc89dba358abd4294348bedaced6",
    "https://raw.githubusercontent.com/UrsaMU/jobs-plugin/v1.4.1/src/staff-cmd.ts": "84499c095d0c3f397679e2b539dc6ec91f6da299d1a27a38f89d85eb903e3192",
    "https://raw.githubusercontent.com/UrsaMU/jobs-plugin/v1.4.1/src/theme.ts": "6a025cc5cd2da37fd47a1216efb5e58ca568cb8ad420d6e87ba92874efe49a39",
    "https://raw.githubusercontent.com/UrsaMU/jobs-plugin/v1.4.1/src/types.ts": "7b8558223160b0219561d512a42b50984829944c04f83b89727b24075ef2df80",
    "https://raw.githubusercontent.com/UrsaMU/mail-plugin/v2.3.1/commands.ts": "fdbfc6272beaf9d035f44697a0ff8dbef71c7d0d0506a07bd973cca88214afcb",
    "https://raw.githubusercontent.com/UrsaMU/mail-plugin/v2.3.1/index.ts": "8f50874397c08619c216e3736d9e52f01e1216e42f36789145349ce2e0720321",
    "https://raw.githubusercontent.com/UrsaMU/mail-plugin/v2.3.1/mailComposeActions.ts": "25709b0c7598c745756f69b2bb7fe518a07348c3fd4356d2dea7777beb862380",
    "https://raw.githubusercontent.com/UrsaMU/mail-plugin/v2.3.1/mailDbo.ts": "125f96002ec5424f9f41731b9a8db43e10f77aac5f6b62d8335fb9141c1d42f3",
    "https://raw.githubusercontent.com/UrsaMU/mail-plugin/v2.3.1/mailHelpers.ts": "586b9966f881e974b36e5d0c0329c03c7c9e2f264a2cd732736e8ad74434dae6",
    "https://raw.githubusercontent.com/UrsaMU/mail-plugin/v2.3.1/mailInboxActions.ts": "9741c8448f652cd0811e4861bec82fd6f761286229e6592e75b06f5943b37203",
    "https://raw.githubusercontent.com/UrsaMU/mail-plugin/v2.3.1/routes.ts": "1fb5831395ad769e380c3b10fcaa612ffdcf275abec65bf2233e1d5d614c46ad"
  },
  "workspace": {
    "dependencies": [
      "jsr:@std/assert@0.224",
      "jsr:@std/dotenv@0.224",
      "jsr:@std/flags@0.224",
      "jsr:@std/fmt@0.224",
      "jsr:@std/fs@0.224",
      "jsr:@std/path@0.224",
      "jsr:@std/semver@1",
      "jsr:@std/testing@0.224",
      "jsr:@ursamu/mushcode@0.6",
      "jsr:@zaubrik/djwt@^3.0.2",
      "npm:@digibear/tags@1.0.0",
      "npm:@ursamu/parser@1.2.4",
      "npm:bcryptjs@2.4.3",
      "npm:quickjs-emscripten@0.29.0"
    ]
  }
}
