{
  "version": "5",
  "specifiers": {
    "jsr:@std/assert@0.224": "0.224.0",
    "jsr:@std/fmt@0.224": "0.224.0",
    "jsr:@std/internal@0.224": "0.224.0"
  },
  "jsr": {
    "@std/assert@0.224.0": {
      "integrity": "8643233ec7aec38a940a8264a6e3eed9bfa44e7a71cc6b3c8874213ff401967f",
      "dependencies": [
        "jsr:@std/fmt",
        "jsr:@std/internal"
      ]
    },
    "@std/fmt@0.224.0": {
      "integrity": "e20e9a2312a8b5393272c26191c0a68eda8d2c4b08b046bad1673148f1d69851"
    },
    "@std/internal@0.224.0": {
      "integrity": "afc50644f9cdf4495eeb80523a8f6d27226b4b36c45c7c195dfccad4b8509291",
      "dependencies": [
        "jsr:@std/fmt"
      ]
    }
  },
  "workspace": {
    "dependencies": [
      "jsr:@std/assert@1",
      "jsr:@ursamu/mush@1"
    ],
    "links": {
      "jsr:@ursamu/ai-gm@0.2.3": {
        "dependencies": [
          "jsr:@std/assert@0.224",
          "jsr:@std/dotenv@0.224",
          "jsr:@std/fs@0.224",
          "jsr:@std/path@0.224",
          "jsr:@std/testing@^1.0.17",
          "jsr:@ursamu/bbs@1",
          "jsr:@ursamu/jobs@1",
          "jsr:@ursamu/mush@1",
          "npm:@langchain/anthropic@0.3",
          "npm:@langchain/core@0.3",
          "npm:@langchain/google-genai@0.2",
          "npm:@langchain/langgraph@0.2",
          "npm:stripe@17",
          "npm:unpdf@0.11",
          "npm:zod@^3.23.0"
        ]
      },
      "jsr:@ursamu/bbs@1.1.1": {
        "dependencies": [
          "jsr:@std/assert@0.224",
          "jsr:@std/testing@^1.0.17",
          "jsr:@ursamu/jobs@^1.1.2",
          "jsr:@ursamu/mush@1"
        ]
      },
      "jsr:@ursamu/builder@1.3.8": {
        "dependencies": [
          "jsr:@std/assert@0.224",
          "jsr:@ursamu/mush@1"
        ]
      },
      "jsr:@ursamu/channels@1.2.4": {
        "dependencies": [
          "jsr:@std/assert@0.224",
          "jsr:@ursamu/core@1",
          "jsr:@ursamu/mush@1"
        ]
      },
      "jsr:@ursamu/cli@0.1.2": {
        "dependencies": [
          "jsr:@std/assert@0.224",
          "jsr:@std/flags@0.224",
          "jsr:@std/fmt@0.224",
          "jsr:@std/fs@0.224",
          "jsr:@std/path@0.224",
          "jsr:@std/semver@1"
        ]
      },
      "jsr:@ursamu/cofd-plugin@1.4.0": {
        "dependencies": [
          "jsr:@std/assert@0.224",
          "jsr:@std/dotenv@0.224",
          "jsr:@std/flags@0.224",
          "jsr:@std/fmt@0.224",
          "jsr:@std/fs@0.224",
          "jsr:@std/path@0.224",
          "jsr:@std/semver@1",
          "jsr:@std/testing@0.224",
          "jsr:@ursamu/combat@0.8",
          "jsr:@ursamu/core@1",
          "jsr:@ursamu/jobs@1",
          "jsr:@ursamu/mail@^2.5.0",
          "jsr:@ursamu/mush@1",
          "jsr:@ursamu/mushcode@0.7",
          "jsr:@zaubrik/djwt@^3.0.2",
          "npm:@digibear/tags@1.0.0",
          "npm:@ursamu/parser@1.2.4",
          "npm:bcryptjs@2.4.3",
          "npm:quickjs-emscripten@0.29.0"
        ]
      },
      "jsr:@ursamu/combat@0.8.1": {
        "dependencies": [
          "jsr:@std/assert@0.224",
          "jsr:@std/path@0.224"
        ]
      },
      "jsr:@ursamu/core@1.0.2": {
        "dependencies": [
          "jsr:@std/assert@0.224",
          "jsr:@std/fs@0.224",
          "jsr:@std/path@0.224",
          "jsr:@std/semver@1",
          "jsr:@zaubrik/djwt@^3.0.2",
          "npm:@electric-sql/pglite@~0.5.2",
          "npm:@nicia-ai/typegraph@0.31",
          "npm:zod@4.4.3"
        ]
      },
      "jsr:@ursamu/cyberpunk-plugin@1.0.0": {
        "dependencies": [
          "jsr:@std/assert@0.224",
          "jsr:@std/dotenv@0.224",
          "jsr:@std/flags@0.224",
          "jsr:@std/fmt@0.224",
          "jsr:@std/fs@0.224",
          "jsr:@std/path@0.224",
          "jsr:@std/semver@1",
          "jsr:@std/testing@0.224",
          "jsr:@ursamu/mushcode@0.7",
          "jsr:@zaubrik/djwt@^3.0.2",
          "npm:@digibear/tags@1.0.0",
          "npm:@ursamu/parser@1.2.4",
          "npm:bcryptjs@2.4.3",
          "npm:quickjs-emscripten@0.29.0"
        ]
      },
      "jsr:@ursamu/discord@1.0.0": {
        "dependencies": [
          "jsr:@std/assert@0.224",
          "jsr:@std/testing@^1.0.17",
          "jsr:@ursamu/channels@1",
          "jsr:@ursamu/core@1",
          "jsr:@ursamu/jobs@~0.1.1",
          "jsr:@ursamu/mush@1",
          "npm:tweetnacl@1.0.3"
        ]
      },
      "jsr:@ursamu/dnd-plugin@1.0.0": {
        "dependencies": [
          "jsr:@std/assert@0.224",
          "jsr:@std/dotenv@0.224",
          "jsr:@std/flags@0.224",
          "jsr:@std/fmt@0.224",
          "jsr:@std/fs@0.224",
          "jsr:@std/path@0.224",
          "jsr:@std/semver@1",
          "jsr:@std/testing@0.224",
          "jsr:@ursamu/mushcode@0.7",
          "jsr:@zaubrik/djwt@^3.0.2",
          "npm:@digibear/tags@1.0.0",
          "npm:@ursamu/parser@1.2.4",
          "npm:bcryptjs@2.4.3",
          "npm:quickjs-emscripten@0.29.0"
        ]
      },
      "jsr:@ursamu/events@0.2.0": {
        "dependencies": [
          "jsr:@std/assert@0.224",
          "jsr:@ursamu/core@1",
          "jsr:@ursamu/mush@1"
        ]
      },
      "jsr:@ursamu/help@1.3.0": {
        "dependencies": [
          "jsr:@std/assert@0.224",
          "jsr:@std/path@0.224",
          "jsr:@std/testing@^1.0.17",
          "jsr:@ursamu/mush@1"
        ]
      },
      "jsr:@ursamu/jobs@1.1.2": {
        "dependencies": [
          "jsr:@std/assert@0.224",
          "jsr:@std/testing@^1.0.17",
          "jsr:@ursamu/core@1",
          "jsr:@ursamu/mail@^2.5.0",
          "jsr:@ursamu/mush@1"
        ]
      },
      "jsr:@ursamu/lang-plugin@3.1.1": {
        "dependencies": [
          "jsr:@std/assert@0.224",
          "jsr:@std/fs@0.224",
          "jsr:@std/path@0.224",
          "jsr:@std/testing@0.224",
          "jsr:@ursamu/mush@~0.1.3"
        ]
      },
      "jsr:@ursamu/mail@2.7.0": {
        "dependencies": [
          "jsr:@std/assert@0.224",
          "jsr:@std/testing@^1.0.17",
          "jsr:@ursamu/core@1",
          "jsr:@ursamu/mush@1"
        ]
      },
      "jsr:@ursamu/map-plugin@3.2.1": {
        "dependencies": [
          "jsr:@std/assert@1",
          "jsr:@ursamu/mush@^1.0.4"
        ]
      },
      "jsr:@ursamu/mekton-zeta@0.1.0": {
        "dependencies": [
          "jsr:@std/assert@0.224",
          "jsr:@std/testing@0.224"
        ]
      },
      "jsr:@ursamu/mush@1.0.34": {
        "dependencies": [
          "jsr:@std/assert@0.224",
          "jsr:@std/dotenv@0.224",
          "jsr:@std/fs@0.224",
          "jsr:@std/path@0.224",
          "jsr:@ursamu/core@1",
          "jsr:@ursamu/mushcode@0.7",
          "jsr:@zaubrik/djwt@^3.0.2",
          "npm:@digibear/tags@1.0.0",
          "npm:@ursamu/parser@1.2.4",
          "npm:bcryptjs@2.4.3",
          "npm:imagescript@1.3.0",
          "npm:quickjs-emscripten@0.29.0"
        ]
      },
      "jsr:@ursamu/scene@0.1.0": {
        "dependencies": [
          "jsr:@std/assert@0.224",
          "jsr:@std/testing@^1.0.17"
        ]
      },
      "jsr:@ursamu/site@0.1.96": {
        "dependencies": [
          "jsr:@std/assert@1",
          "jsr:@std/flags@0.224",
          "jsr:@std/fs@0.224",
          "jsr:@std/path@0.224",
          "jsr:@ursamu/mush@^1.0.4",
          "npm:fflate@0.8.2"
        ]
      },
      "jsr:@ursamu/sprawl-plugin@1.0.0": {
        "dependencies": [
          "jsr:@std/assert@0.224"
        ]
      },
      "jsr:@ursamu/ursamu@3.0.1": {
        "dependencies": [
          "jsr:@std/assert@0.224",
          "jsr:@std/dotenv@0.224",
          "jsr:@std/flags@0.224",
          "jsr:@std/fmt@0.224",
          "jsr:@std/fs@0.224",
          "jsr:@std/path@0.224",
          "jsr:@std/semver@1",
          "jsr:@std/std@0.224",
          "jsr:@std/testing@^1.0.17",
          "jsr:@ursamu/core@1.0.0",
          "jsr:@ursamu/core@1.0.1",
          "jsr:@ursamu/mush@1.0.1",
          "jsr:@ursamu/mush@1.0.3",
          "jsr:@ursamu/mush@1.0.9",
          "jsr:@ursamu/mushcode@0.7.0",
          "jsr:@zaubrik/djwt@^3.0.2",
          "npm:@digibear/tags@1.0.0",
          "npm:@electric-sql/pglite@~0.5.2",
          "npm:@langchain/anthropic@0.3",
          "npm:@langchain/core@0.3",
          "npm:@langchain/google-genai@0.2",
          "npm:@langchain/langgraph@0.2",
          "npm:@nicia-ai/typegraph@0.31",
          "npm:@ursamu/parser@1.2.4",
          "npm:bcryptjs@2.4.3",
          "npm:fflate@0.8.2",
          "npm:lodash@4.17.21",
          "npm:quickjs-emscripten@0.29.0",
          "npm:stripe@17",
          "npm:unpdf@0.11",
          "npm:zod@4.4.3"
        ]
      },
      "jsr:@ursamu/vendor-plugin@1.1.0": {
        "dependencies": [
          "jsr:@std/assert@0.224",
          "jsr:@std/fs@0.224",
          "jsr:@std/path@0.224",
          "jsr:@std/testing@^1.0.17"
        ]
      },
      "jsr:@ursamu/web@0.2.73": {
        "dependencies": [
          "jsr:@std/assert@0.224",
          "jsr:@std/path@0.224",
          "jsr:@ursamu/jobs@^1.1.2",
          "jsr:@ursamu/mush@1",
          "jsr:@ursamu/site@~0.1.5",
          "jsr:@ursamu/wiki@~0.2.2"
        ]
      },
      "jsr:@ursamu/wiki@0.2.9": {
        "dependencies": [
          "jsr:@std/assert@0.224",
          "jsr:@std/fs@0.224",
          "jsr:@std/path@0.224",
          "jsr:@ursamu/mush@1",
          "npm:imagescript@1.3.0"
        ]
      }
    }
  }
}
